// !$*UTF8*$!
{
	archiveVersion = 1;
	classes = {
	};
	objectVersion = 77;
	objects = {

/* Begin PBXBuildFile section */
		C92F2D8F2DD7B31000FC6ADA /* HandImageOverlayView.swift in Sources */ = {isa = PBXBuildFile; fileRef = C92F2D8E2DD7B30F00FC6ADA /* HandImageOverlayView.swift */; };
		C9B9858C2DD763650026673F /* CameraViewModel.swift in Sources */ = {isa = PBXBuildFile; fileRef = C9B9858B2DD763630026673F /* CameraViewModel.swift */; };
		C9B9858E2DD7636E0026673F /* CameraView.swift in Sources */ = {isa = PBXBuildFile; fileRef = C9B9858D2DD7636D0026673F /* CameraView.swift */; };
		C9B985902DD763920026673F /* CameraPreviewView.swift in Sources */ = {isa = PBXBuildFile; fileRef = C9B9858F2DD763910026673F /* CameraPreviewView.swift */; };
		C9B985922DD764260026673F /* HandDetectionManager.swift in Sources */ = {isa = PBXBuildFile; fileRef = C9B985912DD764250026673F /* HandDetectionManager.swift */; };
		C9BB962F2DD0B26000E718CC /* ActionButtonStyle.swift in Sources */ = {isa = PBXBuildFile; fileRef = C9BB962E2DD0B25E00E718CC /* ActionButtonStyle.swift */; };
		C9BB96332DD0B5C900E718CC /* InfoRow.swift in Sources */ = {isa = PBXBuildFile; fileRef = C9BB96322DD0B5C800E718CC /* InfoRow.swift */; };
		C9BB96352DD0B60C00E718CC /* ColorChip.swift in Sources */ = {isa = PBXBuildFile; fileRef = C9BB96342DD0B60B00E718CC /* ColorChip.swift */; };
		C9BB96392DD0B7A700E718CC /* ProfileActionButtonStyle.swift in Sources */ = {isa = PBXBuildFile; fileRef = C9BB96382DD0B7A600E718CC /* ProfileActionButtonStyle.swift */; };
		C9BB963B2DD0BA6100E718CC /* FavoritesSectionView.swift in Sources */ = {isa = PBXBuildFile; fileRef = C9BB963A2DD0BA6000E718CC /* FavoritesSectionView.swift */; };
		C9CA6AA32DCF7A0E00CF8BF1 /* MainTabView.swift in Sources */ = {isa = PBXBuildFile; fileRef = C9CA6AA22DCF7A0D00CF8BF1 /* MainTabView.swift */; };
		C9CA6AA62DCF7A4100CF8BF1 /* FavoritesView.swift in Sources */ = {isa = PBXBuildFile; fileRef = C9CA6AA52DCF7A4000CF8BF1 /* FavoritesView.swift */; };
		C9CA6AA92DCF7A9600CF8BF1 /* ProfileView.swift in Sources */ = {isa = PBXBuildFile; fileRef = C9CA6AA82DCF7A9500CF8BF1 /* ProfileView.swift */; };
		C9CA6AAB2DCF7A9C00CF8BF1 /* LoginView.swift in Sources */ = {isa = PBXBuildFile; fileRef = C9CA6AAA2DCF7A9C00CF8BF1 /* LoginView.swift */; };
		C9CA6AAD2DCF7AA100CF8BF1 /* RegisterView.swift in Sources */ = {isa = PBXBuildFile; fileRef = C9CA6AAC2DCF7AA100CF8BF1 /* RegisterView.swift */; };
		C9CA6AB12DCF7AB800CF8BF1 /* ARTryOnView.swift in Sources */ = {isa = PBXBuildFile; fileRef = C9CA6AB02DCF7AB700CF8BF1 /* ARTryOnView.swift */; };
		C9CA6AB32DCF7AC300CF8BF1 /* ImagePickerView.swift in Sources */ = {isa = PBXBuildFile; fileRef = C9CA6AB22DCF7AC200CF8BF1 /* ImagePickerView.swift */; };
		C9CA6ABB2DCF7B3600CF8BF1 /* AuthService.swift in Sources */ = {isa = PBXBuildFile; fileRef = C9CA6ABA2DCF7B3500CF8BF1 /* AuthService.swift */; };
		C9CA6AC12DCF7D7B00CF8BF1 /* Extensions.swift in Sources */ = {isa = PBXBuildFile; fileRef = C9CA6AC02DCF7B5700CF8BF1 /* Extensions.swift */; };
		C9CA6AC22DCF7D7F00CF8BF1 /* LoadingView.swift in Sources */ = {isa = PBXBuildFile; fileRef = C9CA6ABF2DCF7B5200CF8BF1 /* LoadingView.swift */; };
		C9CA6AC32DCF7D8300CF8BF1 /* FeatureCardView.swift in Sources */ = {isa = PBXBuildFile; fileRef = C9CA6ABE2DCF7B4C00CF8BF1 /* FeatureCardView.swift */; };
		C9CA6AC42DCF7D8700CF8BF1 /* DesignCardView.swift in Sources */ = {isa = PBXBuildFile; fileRef = C9CA6ABD2DCF7B4700CF8BF1 /* DesignCardView.swift */; };
		C9CA6AC52DCF7D8C00CF8BF1 /* FilterViewModel.swift in Sources */ = {isa = PBXBuildFile; fileRef = C9CA6AB92DCF7B2300CF8BF1 /* FilterViewModel.swift */; };
		C9CA6AC62DCF7D9000CF8BF1 /* ARViewModel.swift in Sources */ = {isa = PBXBuildFile; fileRef = C9CA6AB82DCF7AF600CF8BF1 /* ARViewModel.swift */; };
		C9CA6AC72DCF7D9400CF8BF1 /* AuthViewModel.swift in Sources */ = {isa = PBXBuildFile; fileRef = C9CA6AB72DCF7AE900CF8BF1 /* AuthViewModel.swift */; };
		C9CA6AC82DCF7D9800CF8BF1 /* FavoritesViewModel.swift in Sources */ = {isa = PBXBuildFile; fileRef = C9CA6AB62DCF7AE200CF8BF1 /* FavoritesViewModel.swift */; };
		C9CA6AC92DCF7D9D00CF8BF1 /* DesignsViewModel.swift in Sources */ = {isa = PBXBuildFile; fileRef = C9CA6AB52DCF7ADD00CF8BF1 /* DesignsViewModel.swift */; };
		C9CA6ACE2DCF86CB00CF8BF1 /* NailColor.swift in Sources */ = {isa = PBXBuildFile; fileRef = C9CA6ACD2DCF86AF00CF8BF1 /* NailColor.swift */; };
		C9CA6AD02DCF87A900CF8BF1 /* NailStyle.swift in Sources */ = {isa = PBXBuildFile; fileRef = C9CA6ACF2DCF87A800CF8BF1 /* NailStyle.swift */; };
		C9CA6AD32DCF87B800CF8BF1 /* Season.swift in Sources */ = {isa = PBXBuildFile; fileRef = C9CA6AD22DCF87B800CF8BF1 /* Season.swift */; };
		C9CA6AD52DCF87C500CF8BF1 /* DesignType.swift in Sources */ = {isa = PBXBuildFile; fileRef = C9CA6AD42DCF87C500CF8BF1 /* DesignType.swift */; };
		C9CA6AD72DCF8CF200CF8BF1 /* Styles.swift in Sources */ = {isa = PBXBuildFile; fileRef = C9CA6AD62DCF8CF100CF8BF1 /* Styles.swift */; };
		C9F563292DCEB1FC00706027 /* FilterView.swift in Sources */ = {isa = PBXBuildFile; fileRef = C9F5631E2DCEB07300706027 /* FilterView.swift */; };
		C9F5632A2DCEB1FF00706027 /* DesignDetailView.swift in Sources */ = {isa = PBXBuildFile; fileRef = C9F5631D2DCEB06B00706027 /* DesignDetailView.swift */; };
		C9F5632B2DCEB20300706027 /* DesignsView.swift in Sources */ = {isa = PBXBuildFile; fileRef = C9F5631C2DCEB06500706027 /* DesignsView.swift */; };
		C9F563322DCEB22C00706027 /* ARImageProcessor.swift in Sources */ = {isa = PBXBuildFile; fileRef = C9F563112DCEB01B00706027 /* ARImageProcessor.swift */; };
		C9F563332DCEB23000706027 /* ApiService.swift in Sources */ = {isa = PBXBuildFile; fileRef = C9F563102DCEB01500706027 /* ApiService.swift */; };
		C9F563342DCEB23300706027 /* DesignFilters.swift in Sources */ = {isa = PBXBuildFile; fileRef = C9F5630E2DCEAFFB00706027 /* DesignFilters.swift */; };
		C9F563352DCEB23700706027 /* UserProfile.swift in Sources */ = {isa = PBXBuildFile; fileRef = C9F5630D2DCEAFF400706027 /* UserProfile.swift */; };
		C9F563362DCEB23B00706027 /* NailDesign.swift in Sources */ = {isa = PBXBuildFile; fileRef = C9F5630C2DCEAFEF00706027 /* NailDesign.swift */; };
		C9FF61892DD5BB44007D36F8 /* Config.swift in Sources */ = {isa = PBXBuildFile; fileRef = C9FF61882DD5BB40007D36F8 /* Config.swift */; };
/* End PBXBuildFile section */

/* Begin PBXContainerItemProxy section */
		C9B5FCFB2DCD4C500042038A /* PBXContainerItemProxy */ = {
			isa = PBXContainerItemProxy;
			containerPortal = C9B5FCE22DCD4C4F0042038A /* Project object */;
			proxyType = 1;
			remoteGlobalIDString = C9B5FCE92DCD4C4F0042038A;
			remoteInfo = NailApp;
		};
		C9B5FD052DCD4C500042038A /* PBXContainerItemProxy */ = {
			isa = PBXContainerItemProxy;
			containerPortal = C9B5FCE22DCD4C4F0042038A /* Project object */;
			proxyType = 1;
			remoteGlobalIDString = C9B5FCE92DCD4C4F0042038A;
			remoteInfo = NailApp;
		};
/* End PBXContainerItemProxy section */

/* Begin PBXFileReference section */
		C92F2D8E2DD7B30F00FC6ADA /* HandImageOverlayView.swift */ = {isa = PBXFileReference; lastKnownFileType = sourcecode.swift; path = HandImageOverlayView.swift; sourceTree = "<group>"; };
		C9B5FCEA2DCD4C4F0042038A /* NailApp.app */ = {isa = PBXFileReference; explicitFileType = wrapper.application; includeInIndex = 0; path = NailApp.app; sourceTree = BUILT_PRODUCTS_DIR; };
		C9B5FCFA2DCD4C500042038A /* NailAppTests.xctest */ = {isa = PBXFileReference; explicitFileType = wrapper.cfbundle; includeInIndex = 0; path = NailAppTests.xctest; sourceTree = BUILT_PRODUCTS_DIR; };
		C9B5FD042DCD4C500042038A /* NailAppUITests.xctest */ = {isa = PBXFileReference; explicitFileType = wrapper.cfbundle; includeInIndex = 0; path = NailAppUITests.xctest; sourceTree = BUILT_PRODUCTS_DIR; };
		C9B9858B2DD763630026673F /* CameraViewModel.swift */ = {isa = PBXFileReference; lastKnownFileType = sourcecode.swift; path = CameraViewModel.swift; sourceTree = "<group>"; };
		C9B9858D2DD7636D0026673F /* CameraView.swift */ = {isa = PBXFileReference; lastKnownFileType = sourcecode.swift; path = CameraView.swift; sourceTree = "<group>"; };
		C9B9858F2DD763910026673F /* CameraPreviewView.swift */ = {isa = PBXFileReference; lastKnownFileType = sourcecode.swift; path = CameraPreviewView.swift; sourceTree = "<group>"; };
		C9B985912DD764250026673F /* HandDetectionManager.swift */ = {isa = PBXFileReference; lastKnownFileType = sourcecode.swift; path = HandDetectionManager.swift; sourceTree = "<group>"; };
		C9BB962E2DD0B25E00E718CC /* ActionButtonStyle.swift */ = {isa = PBXFileReference; lastKnownFileType = sourcecode.swift; path = ActionButtonStyle.swift; sourceTree = "<group>"; };
		C9BB96322DD0B5C800E718CC /* InfoRow.swift */ = {isa = PBXFileReference; lastKnownFileType = sourcecode.swift; path = InfoRow.swift; sourceTree = "<group>"; };
		C9BB96342DD0B60B00E718CC /* ColorChip.swift */ = {isa = PBXFileReference; lastKnownFileType = sourcecode.swift; path = ColorChip.swift; sourceTree = "<group>"; };
		C9BB96382DD0B7A600E718CC /* ProfileActionButtonStyle.swift */ = {isa = PBXFileReference; lastKnownFileType = sourcecode.swift; path = ProfileActionButtonStyle.swift; sourceTree = "<group>"; };
		C9BB963A2DD0BA6000E718CC /* FavoritesSectionView.swift */ = {isa = PBXFileReference; lastKnownFileType = sourcecode.swift; path = FavoritesSectionView.swift; sourceTree = "<group>"; };
		C9CA6AA22DCF7A0D00CF8BF1 /* MainTabView.swift */ = {isa = PBXFileReference; lastKnownFileType = sourcecode.swift; path = MainTabView.swift; sourceTree = "<group>"; };
		C9CA6AA52DCF7A4000CF8BF1 /* FavoritesView.swift */ = {isa = PBXFileReference; lastKnownFileType = sourcecode.swift; path = FavoritesView.swift; sourceTree = "<group>"; };
		C9CA6AA82DCF7A9500CF8BF1 /* ProfileView.swift */ = {isa = PBXFileReference; lastKnownFileType = sourcecode.swift; path = ProfileView.swift; sourceTree = "<group>"; };
		C9CA6AAA2DCF7A9C00CF8BF1 /* LoginView.swift */ = {isa = PBXFileReference; lastKnownFileType = sourcecode.swift; path = LoginView.swift; sourceTree = "<group>"; };
		C9CA6AAC2DCF7AA100CF8BF1 /* RegisterView.swift */ = {isa = PBXFileReference; lastKnownFileType = sourcecode.swift; path = RegisterView.swift; sourceTree = "<group>"; };
		C9CA6AB02DCF7AB700CF8BF1 /* ARTryOnView.swift */ = {isa = PBXFileReference; lastKnownFileType = sourcecode.swift; path = ARTryOnView.swift; sourceTree = "<group>"; };
		C9CA6AB22DCF7AC200CF8BF1 /* ImagePickerView.swift */ = {isa = PBXFileReference; lastKnownFileType = sourcecode.swift; path = ImagePickerView.swift; sourceTree = "<group>"; };
		C9CA6AB52DCF7ADD00CF8BF1 /* DesignsViewModel.swift */ = {isa = PBXFileReference; lastKnownFileType = sourcecode.swift; path = DesignsViewModel.swift; sourceTree = "<group>"; };
		C9CA6AB62DCF7AE200CF8BF1 /* FavoritesViewModel.swift */ = {isa = PBXFileReference; lastKnownFileType = sourcecode.swift; path = FavoritesViewModel.swift; sourceTree = "<group>"; };
		C9CA6AB72DCF7AE900CF8BF1 /* AuthViewModel.swift */ = {isa = PBXFileReference; lastKnownFileType = sourcecode.swift; path = AuthViewModel.swift; sourceTree = "<group>"; };
		C9CA6AB82DCF7AF600CF8BF1 /* ARViewModel.swift */ = {isa = PBXFileReference; lastKnownFileType = sourcecode.swift; path = ARViewModel.swift; sourceTree = "<group>"; };
		C9CA6AB92DCF7B2300CF8BF1 /* FilterViewModel.swift */ = {isa = PBXFileReference; lastKnownFileType = sourcecode.swift; path = FilterViewModel.swift; sourceTree = "<group>"; };
		C9CA6ABA2DCF7B3500CF8BF1 /* AuthService.swift */ = {isa = PBXFileReference; lastKnownFileType = sourcecode.swift; path = AuthService.swift; sourceTree = "<group>"; };
		C9CA6ABD2DCF7B4700CF8BF1 /* DesignCardView.swift */ = {isa = PBXFileReference; lastKnownFileType = sourcecode.swift; path = DesignCardView.swift; sourceTree = "<group>"; };
		C9CA6ABE2DCF7B4C00CF8BF1 /* FeatureCardView.swift */ = {isa = PBXFileReference; lastKnownFileType = sourcecode.swift; path = FeatureCardView.swift; sourceTree = "<group>"; };
		C9CA6ABF2DCF7B5200CF8BF1 /* LoadingView.swift */ = {isa = PBXFileReference; lastKnownFileType = sourcecode.swift; path = LoadingView.swift; sourceTree = "<group>"; };
		C9CA6AC02DCF7B5700CF8BF1 /* Extensions.swift */ = {isa = PBXFileReference; lastKnownFileType = sourcecode.swift; path = Extensions.swift; sourceTree = "<group>"; };
		C9CA6ACD2DCF86AF00CF8BF1 /* NailColor.swift */ = {isa = PBXFileReference; lastKnownFileType = sourcecode.swift; path = NailColor.swift; sourceTree = "<group>"; };
		C9CA6ACF2DCF87A800CF8BF1 /* NailStyle.swift */ = {isa = PBXFileReference; lastKnownFileType = sourcecode.swift; path = NailStyle.swift; sourceTree = "<group>"; };
		C9CA6AD22DCF87B800CF8BF1 /* Season.swift */ = {isa = PBXFileReference; lastKnownFileType = sourcecode.swift; path = Season.swift; sourceTree = "<group>"; };
		C9CA6AD42DCF87C500CF8BF1 /* DesignType.swift */ = {isa = PBXFileReference; lastKnownFileType = sourcecode.swift; path = DesignType.swift; sourceTree = "<group>"; };
		C9CA6AD62DCF8CF100CF8BF1 /* Styles.swift */ = {isa = PBXFileReference; lastKnownFileType = sourcecode.swift; path = Styles.swift; sourceTree = "<group>"; };
		C9F5630C2DCEAFEF00706027 /* NailDesign.swift */ = {isa = PBXFileReference; lastKnownFileType = sourcecode.swift; path = NailDesign.swift; sourceTree = "<group>"; };
		C9F5630D2DCEAFF400706027 /* UserProfile.swift */ = {isa = PBXFileReference; lastKnownFileType = sourcecode.swift; path = UserProfile.swift; sourceTree = "<group>"; };
		C9F5630E2DCEAFFB00706027 /* DesignFilters.swift */ = {isa = PBXFileReference; lastKnownFileType = sourcecode.swift; path = DesignFilters.swift; sourceTree = "<group>"; };
		C9F563102DCEB01500706027 /* ApiService.swift */ = {isa = PBXFileReference; lastKnownFileType = sourcecode.swift; path = ApiService.swift; sourceTree = "<group>"; };
		C9F563112DCEB01B00706027 /* ARImageProcessor.swift */ = {isa = PBXFileReference; lastKnownFileType = sourcecode.swift; path = ARImageProcessor.swift; sourceTree = "<group>"; };
		C9F5631C2DCEB06500706027 /* DesignsView.swift */ = {isa = PBXFileReference; lastKnownFileType = sourcecode.swift; path = DesignsView.swift; sourceTree = "<group>"; };
		C9F5631D2DCEB06B00706027 /* DesignDetailView.swift */ = {isa = PBXFileReference; lastKnownFileType = sourcecode.swift; path = DesignDetailView.swift; sourceTree = "<group>"; };
		C9F5631E2DCEB07300706027 /* FilterView.swift */ = {isa = PBXFileReference; lastKnownFileType = sourcecode.swift; path = FilterView.swift; sourceTree = "<group>"; };
		C9FF61882DD5BB40007D36F8 /* Config.swift */ = {isa = PBXFileReference; lastKnownFileType = sourcecode.swift; path = Config.swift; sourceTree = "<group>"; };
/* End PBXFileReference section */

/* Begin PBXFileSystemSynchronizedBuildFileExceptionSet section */
		C922115A2DD28F9400D5BA9D /* Exceptions for "NailApp" folder in "NailApp" target */ = {
			isa = PBXFileSystemSynchronizedBuildFileExceptionSet;
			membershipExceptions = (
				Info.plist,
			);
			target = C9B5FCE92DCD4C4F0042038A /* NailApp */;
		};
/* End PBXFileSystemSynchronizedBuildFileExceptionSet section */

/* Begin PBXFileSystemSynchronizedRootGroup section */
		C9B5FCEC2DCD4C4F0042038A /* NailApp */ = {
			isa = PBXFileSystemSynchronizedRootGroup;
			exceptions = (
				C922115A2DD28F9400D5BA9D /* Exceptions for "NailApp" folder in "NailApp" target */,
			);
			path = NailApp;
			sourceTree = "<group>";
		};
		C9B5FCFD2DCD4C500042038A /* NailAppTests */ = {
			isa = PBXFileSystemSynchronizedRootGroup;
			path = NailAppTests;
			sourceTree = "<group>";
		};
		C9B5FD072DCD4C500042038A /* NailAppUITests */ = {
			isa = PBXFileSystemSynchronizedRootGroup;
			path = NailAppUITests;
			sourceTree = "<group>";
		};
/* End PBXFileSystemSynchronizedRootGroup section */

/* Begin PBXFrameworksBuildPhase section */
		C9B5FCE72DCD4C4F0042038A /* Frameworks */ = {
			isa = PBXFrameworksBuildPhase;
			buildActionMask = 2147483647;
			files = (
			);
			runOnlyForDeploymentPostprocessing = 0;
		};
		C9B5FCF72DCD4C500042038A /* Frameworks */ = {
			isa = PBXFrameworksBuildPhase;
			buildActionMask = 2147483647;
			files = (
			);
			runOnlyForDeploymentPostprocessing = 0;
		};
		C9B5FD012DCD4C500042038A /* Frameworks */ = {
			isa = PBXFrameworksBuildPhase;
			buildActionMask = 2147483647;
			files = (
			);
			runOnlyForDeploymentPostprocessing = 0;
		};
/* End PBXFrameworksBuildPhase section */

/* Begin PBXGroup section */
		C9B5FCE12DCD4C4F0042038A = {
			isa = PBXGroup;
			children = (
				C9FF61882DD5BB40007D36F8 /* Config.swift */,
				C9CA6ABC2DCF7B4200CF8BF1 /* Shared */,
				C9CA6AB42DCF7AC800CF8BF1 /* ViewModels */,
				C9F563122DCEB02100706027 /* Views */,
				C9F5630F2DCEB00E00706027 /* Services */,
				C9F5630B2DCEAFE700706027 /* Models */,
				C9B5FCEC2DCD4C4F0042038A /* NailApp */,
				C9B5FCFD2DCD4C500042038A /* NailAppTests */,
				C9B5FD072DCD4C500042038A /* NailAppUITests */,
				C9B5FCEB2DCD4C4F0042038A /* Products */,
			);
			sourceTree = "<group>";
		};
		C9B5FCEB2DCD4C4F0042038A /* Products */ = {
			isa = PBXGroup;
			children = (
				C9B5FCEA2DCD4C4F0042038A /* NailApp.app */,
				C9B5FCFA2DCD4C500042038A /* NailAppTests.xctest */,
				C9B5FD042DCD4C500042038A /* NailAppUITests.xctest */,
			);
			name = Products;
			sourceTree = "<group>";
		};
		C9B985932DD764680026673F /* Camera */ = {
			isa = PBXGroup;
			children = (
				C92F2D8E2DD7B30F00FC6ADA /* HandImageOverlayView.swift */,
				C9B9858D2DD7636D0026673F /* CameraView.swift */,
				C9B985912DD764250026673F /* HandDetectionManager.swift */,
				C9CA6AB22DCF7AC200CF8BF1 /* ImagePickerView.swift */,
			);
			path = Camera;
			sourceTree = "<group>";
		};
		C9CA6AA42DCF7A3B00CF8BF1 /* Favorites */ = {
			isa = PBXGroup;
			children = (
				C9CA6AA52DCF7A4000CF8BF1 /* FavoritesView.swift */,
			);
			path = Favorites;
			sourceTree = "<group>";
		};
		C9CA6AA72DCF7A8F00CF8BF1 /* Profile */ = {
			isa = PBXGroup;
			children = (
				C9BB963A2DD0BA6000E718CC /* FavoritesSectionView.swift */,
				C9CA6AAC2DCF7AA100CF8BF1 /* RegisterView.swift */,
				C9CA6AAA2DCF7A9C00CF8BF1 /* LoginView.swift */,
				C9CA6AA82DCF7A9500CF8BF1 /* ProfileView.swift */,
			);
			path = Profile;
			sourceTree = "<group>";
		};
		C9CA6AAF2DCF7AB000CF8BF1 /* AR */ = {
			isa = PBXGroup;
			children = (
				C9B9858F2DD763910026673F /* CameraPreviewView.swift */,
				C9CA6AB02DCF7AB700CF8BF1 /* ARTryOnView.swift */,
			);
			path = AR;
			sourceTree = "<group>";
		};
		C9CA6AB42DCF7AC800CF8BF1 /* ViewModels */ = {
			isa = PBXGroup;
			children = (
				C9B9858B2DD763630026673F /* CameraViewModel.swift */,
				C9CA6AB92DCF7B2300CF8BF1 /* FilterViewModel.swift */,
				C9CA6AB82DCF7AF600CF8BF1 /* ARViewModel.swift */,
				C9CA6AB72DCF7AE900CF8BF1 /* AuthViewModel.swift */,
				C9CA6AB62DCF7AE200CF8BF1 /* FavoritesViewModel.swift */,
				C9CA6AB52DCF7ADD00CF8BF1 /* DesignsViewModel.swift */,
			);
			path = ViewModels;
			sourceTree = "<group>";
		};
		C9CA6ABC2DCF7B4200CF8BF1 /* Shared */ = {
			isa = PBXGroup;
			children = (
				C9BB96382DD0B7A600E718CC /* ProfileActionButtonStyle.swift */,
				C9BB96342DD0B60B00E718CC /* ColorChip.swift */,
				C9BB96322DD0B5C800E718CC /* InfoRow.swift */,
				C9BB962E2DD0B25E00E718CC /* ActionButtonStyle.swift */,
				C9CA6AD92DCF8D0E00CF8BF1 /* Components */,
				C9CA6AD62DCF8CF100CF8BF1 /* Styles.swift */,
				C9CA6AC02DCF7B5700CF8BF1 /* Extensions.swift */,
				C9CA6ABE2DCF7B4C00CF8BF1 /* FeatureCardView.swift */,
			);
			path = Shared;
			sourceTree = "<group>";
		};
		C9CA6AD92DCF8D0E00CF8BF1 /* Components */ = {
			isa = PBXGroup;
			children = (
				C9CA6ABF2DCF7B5200CF8BF1 /* LoadingView.swift */,
				C9CA6ABD2DCF7B4700CF8BF1 /* DesignCardView.swift */,
			);
			path = Components;
			sourceTree = "<group>";
		};
		C9F5630B2DCEAFE700706027 /* Models */ = {
			isa = PBXGroup;
			children = (
				C9CA6AD42DCF87C500CF8BF1 /* DesignType.swift */,
				C9CA6AD22DCF87B800CF8BF1 /* Season.swift */,
				C9CA6ACF2DCF87A800CF8BF1 /* NailStyle.swift */,
				C9CA6ACD2DCF86AF00CF8BF1 /* NailColor.swift */,
				C9F5630E2DCEAFFB00706027 /* DesignFilters.swift */,
				C9F5630D2DCEAFF400706027 /* UserProfile.swift */,
				C9F5630C2DCEAFEF00706027 /* NailDesign.swift */,
			);
			path = Models;
			sourceTree = "<group>";
		};
		C9F5630F2DCEB00E00706027 /* Services */ = {
			isa = PBXGroup;
			children = (
				C9CA6ABA2DCF7B3500CF8BF1 /* AuthService.swift */,
				C9F563112DCEB01B00706027 /* ARImageProcessor.swift */,
				C9F563102DCEB01500706027 /* ApiService.swift */,
			);
			path = Services;
			sourceTree = "<group>";
		};
		C9F563122DCEB02100706027 /* Views */ = {
			isa = PBXGroup;
			children = (
				C9B985932DD764680026673F /* Camera */,
				C9CA6AAF2DCF7AB000CF8BF1 /* AR */,
				C9CA6AA72DCF7A8F00CF8BF1 /* Profile */,
				C9CA6AA42DCF7A3B00CF8BF1 /* Favorites */,
				C9CA6AA22DCF7A0D00CF8BF1 /* MainTabView.swift */,
				C9F5631B2DCEB06100706027 /* Designs */,
			);
			path = Views;
			sourceTree = "<group>";
		};
		C9F5631B2DCEB06100706027 /* Designs */ = {
			isa = PBXGroup;
			children = (
				C9F5631E2DCEB07300706027 /* FilterView.swift */,
				C9F5631D2DCEB06B00706027 /* DesignDetailView.swift */,
				C9F5631C2DCEB06500706027 /* DesignsView.swift */,
			);
			path = Designs;
			sourceTree = "<group>";
		};
/* End PBXGroup section */

/* Begin PBXNativeTarget section */
		C9B5FCE92DCD4C4F0042038A /* NailApp */ = {
			isa = PBXNativeTarget;
			buildConfigurationList = C9B5FD0E2DCD4C500042038A /* Build configuration list for PBXNativeTarget "NailApp" */;
			buildPhases = (
				C9B5FCE62DCD4C4F0042038A /* Sources */,
				C9B5FCE72DCD4C4F0042038A /* Frameworks */,
				C9B5FCE82DCD4C4F0042038A /* Resources */,
			);
			buildRules = (
			);
			dependencies = (
			);
			fileSystemSynchronizedGroups = (
				C9B5FCEC2DCD4C4F0042038A /* NailApp */,
			);
			name = NailApp;
			packageProductDependencies = (
			);
			productName = NailApp;
			productReference = C9B5FCEA2DCD4C4F0042038A /* NailApp.app */;
			productType = "com.apple.product-type.application";
		};
		C9B5FCF92DCD4C500042038A /* NailAppTests */ = {
			isa = PBXNativeTarget;
			buildConfigurationList = C9B5FD112DCD4C500042038A /* Build configuration list for PBXNativeTarget "NailAppTests" */;
			buildPhases = (
				C9B5FCF62DCD4C500042038A /* Sources */,
				C9B5FCF72DCD4C500042038A /* Frameworks */,
				C9B5FCF82DCD4C500042038A /* Resources */,
			);
			buildRules = (
			);
			dependencies = (
				C9B5FCFC2DCD4C500042038A /* PBXTargetDependency */,
			);
			fileSystemSynchronizedGroups = (
				C9B5FCFD2DCD4C500042038A /* NailAppTests */,
			);
			name = NailAppTests;
			packageProductDependencies = (
			);
			productName = NailAppTests;
			productReference = C9B5FCFA2DCD4C500042038A /* NailAppTests.xctest */;
			productType = "com.apple.product-type.bundle.unit-test";
		};
		C9B5FD032DCD4C500042038A /* NailAppUITests */ = {
			isa = PBXNativeTarget;
			buildConfigurationList = C9B5FD142DCD4C500042038A /* Build configuration list for PBXNativeTarget "NailAppUITests" */;
			buildPhases = (
				C9B5FD002DCD4C500042038A /* Sources */,
				C9B5FD012DCD4C500042038A /* Frameworks */,
				C9B5FD022DCD4C500042038A /* Resources */,
			);
			buildRules = (
			);
			dependencies = (
				C9B5FD062DCD4C500042038A /* PBXTargetDependency */,
			);
			fileSystemSynchronizedGroups = (
				C9B5FD072DCD4C500042038A /* NailAppUITests */,
			);
			name = NailAppUITests;
			packageProductDependencies = (
			);
			productName = NailAppUITests;
			productReference = C9B5FD042DCD4C500042038A /* NailAppUITests.xctest */;
			productType = "com.apple.product-type.bundle.ui-testing";
		};
/* End PBXNativeTarget section */

/* Begin PBXProject section */
		C9B5FCE22DCD4C4F0042038A /* Project object */ = {
			isa = PBXProject;
			attributes = {
				BuildIndependentTargetsInParallel = 1;
				LastSwiftUpdateCheck = 1620;
				LastUpgradeCheck = 1620;
				TargetAttributes = {
					C9B5FCE92DCD4C4F0042038A = {
						CreatedOnToolsVersion = 16.2;
					};
					C9B5FCF92DCD4C500042038A = {
						CreatedOnToolsVersion = 16.2;
						TestTargetID = C9B5FCE92DCD4C4F0042038A;
					};
					C9B5FD032DCD4C500042038A = {
						CreatedOnToolsVersion = 16.2;
						TestTargetID = C9B5FCE92DCD4C4F0042038A;
					};
				};
			};
			buildConfigurationList = C9B5FCE52DCD4C4F0042038A /* Build configuration list for PBXProject "NailApp" */;
			developmentRegion = en;
			hasScannedForEncodings = 0;
			knownRegions = (
				en,
				Base,
			);
			mainGroup = C9B5FCE12DCD4C4F0042038A;
			minimizedProjectReferenceProxies = 1;
			preferredProjectObjectVersion = 77;
			productRefGroup = C9B5FCEB2DCD4C4F0042038A /* Products */;
			projectDirPath = "";
			projectRoot = "";
			targets = (
				C9B5FCE92DCD4C4F0042038A /* NailApp */,
				C9B5FCF92DCD4C500042038A /* NailAppTests */,
				C9B5FD032DCD4C500042038A /* NailAppUITests */,
			);
		};
/* End PBXProject section */

/* Begin PBXResourcesBuildPhase section */
		C9B5FCE82DCD4C4F0042038A /* Resources */ = {
			isa = PBXResourcesBuildPhase;
			buildActionMask = 2147483647;
			files = (
			);
			runOnlyForDeploymentPostprocessing = 0;
		};
		C9B5FCF82DCD4C500042038A /* Resources */ = {
			isa = PBXResourcesBuildPhase;
			buildActionMask = 2147483647;
			files = (
			);
			runOnlyForDeploymentPostprocessing = 0;
		};
		C9B5FD022DCD4C500042038A /* Resources */ = {
			isa = PBXResourcesBuildPhase;
			buildActionMask = 2147483647;
			files = (
			);
			runOnlyForDeploymentPostprocessing = 0;
		};
/* End PBXResourcesBuildPhase section */

/* Begin PBXSourcesBuildPhase section */
		C9B5FCE62DCD4C4F0042038A /* Sources */ = {
			isa = PBXSourcesBuildPhase;
			buildActionMask = 2147483647;
			files = (
				C9CA6AA62DCF7A4100CF8BF1 /* FavoritesView.swift in Sources */,
				C9CA6AC92DCF7D9D00CF8BF1 /* DesignsViewModel.swift in Sources */,
				C9CA6AA92DCF7A9600CF8BF1 /* ProfileView.swift in Sources */,
				C9B985902DD763920026673F /* CameraPreviewView.swift in Sources */,
				C9F563342DCEB23300706027 /* DesignFilters.swift in Sources */,
				C92F2D8F2DD7B31000FC6ADA /* HandImageOverlayView.swift in Sources */,
				C9BB96352DD0B60C00E718CC /* ColorChip.swift in Sources */,
				C9CA6AC62DCF7D9000CF8BF1 /* ARViewModel.swift in Sources */,
				C9CA6ABB2DCF7B3600CF8BF1 /* AuthService.swift in Sources */,
				C9CA6AA32DCF7A0E00CF8BF1 /* MainTabView.swift in Sources */,
				C9F5632B2DCEB20300706027 /* DesignsView.swift in Sources */,
				C9F563362DCEB23B00706027 /* NailDesign.swift in Sources */,
				C9CA6AC12DCF7D7B00CF8BF1 /* Extensions.swift in Sources */,
				C9CA6AB12DCF7AB800CF8BF1 /* ARTryOnView.swift in Sources */,
				C9CA6AD72DCF8CF200CF8BF1 /* Styles.swift in Sources */,
				C9CA6AAD2DCF7AA100CF8BF1 /* RegisterView.swift in Sources */,
				C9CA6AC42DCF7D8700CF8BF1 /* DesignCardView.swift in Sources */,
				C9CA6AC82DCF7D9800CF8BF1 /* FavoritesViewModel.swift in Sources */,
				C9F563322DCEB22C00706027 /* ARImageProcessor.swift in Sources */,
				C9F5632A2DCEB1FF00706027 /* DesignDetailView.swift in Sources */,
				C9CA6AAB2DCF7A9C00CF8BF1 /* LoginView.swift in Sources */,
				C9BB96332DD0B5C900E718CC /* InfoRow.swift in Sources */,
				C9BB963B2DD0BA6100E718CC /* FavoritesSectionView.swift in Sources */,
				C9FF61892DD5BB44007D36F8 /* Config.swift in Sources */,
				C9B9858E2DD7636E0026673F /* CameraView.swift in Sources */,
				C9BB962F2DD0B26000E718CC /* ActionButtonStyle.swift in Sources */,
				C9CA6AC22DCF7D7F00CF8BF1 /* LoadingView.swift in Sources */,
				C9CA6AD52DCF87C500CF8BF1 /* DesignType.swift in Sources */,
				C9CA6AC52DCF7D8C00CF8BF1 /* FilterViewModel.swift in Sources */,
				C9F563332DCEB23000706027 /* ApiService.swift in Sources */,
				C9F563292DCEB1FC00706027 /* FilterView.swift in Sources */,
				C9CA6ACE2DCF86CB00CF8BF1 /* NailColor.swift in Sources */,
				C9CA6AD32DCF87B800CF8BF1 /* Season.swift in Sources */,
				C9F563352DCEB23700706027 /* UserProfile.swift in Sources */,
				C9CA6AC72DCF7D9400CF8BF1 /* AuthViewModel.swift in Sources */,
				C9CA6AC32DCF7D8300CF8BF1 /* FeatureCardView.swift in Sources */,
				C9BB96392DD0B7A700E718CC /* ProfileActionButtonStyle.swift in Sources */,
				C9B985922DD764260026673F /* HandDetectionManager.swift in Sources */,
				C9CA6AB32DCF7AC300CF8BF1 /* ImagePickerView.swift in Sources */,
				C9CA6AD02DCF87A900CF8BF1 /* NailStyle.swift in Sources */,
				C9B9858C2DD763650026673F /* CameraViewModel.swift in Sources */,
			);
			runOnlyForDeploymentPostprocessing = 0;
		};
		C9B5FCF62DCD4C500042038A /* Sources */ = {
			isa = PBXSourcesBuildPhase;
			buildActionMask = 2147483647;
			files = (
			);
			runOnlyForDeploymentPostprocessing = 0;
		};
		C9B5FD002DCD4C500042038A /* Sources */ = {
			isa = PBXSourcesBuildPhase;
			buildActionMask = 2147483647;
			files = (
			);
			runOnlyForDeploymentPostprocessing = 0;
		};
/* End PBXSourcesBuildPhase section */

/* Begin PBXTargetDependency section */
		C9B5FCFC2DCD4C500042038A /* PBXTargetDependency */ = {
			isa = PBXTargetDependency;
			target = C9B5FCE92DCD4C4F0042038A /* NailApp */;
			targetProxy = C9B5FCFB2DCD4C500042038A /* PBXContainerItemProxy */;
		};
		C9B5FD062DCD4C500042038A /* PBXTargetDependency */ = {
			isa = PBXTargetDependency;
			target = C9B5FCE92DCD4C4F0042038A /* NailApp */;
			targetProxy = C9B5FD052DCD4C500042038A /* PBXContainerItemProxy */;
		};
/* End PBXTargetDependency section */

/* Begin XCBuildConfiguration section */
		C9B5FD0C2DCD4C500042038A /* Debug */ = {
			isa = XCBuildConfiguration;
			buildSettings = {
				ALWAYS_SEARCH_USER_PATHS = NO;
				ASSETCATALOG_COMPILER_GENERATE_SWIFT_ASSET_SYMBOL_EXTENSIONS = YES;
				CLANG_ANALYZER_NONNULL = YES;
				CLANG_ANALYZER_NUMBER_OBJECT_CONVERSION = YES_AGGRESSIVE;
				CLANG_CXX_LANGUAGE_STANDARD = "gnu++20";
				CLANG_ENABLE_MODULES = YES;
				CLANG_ENABLE_OBJC_ARC = YES;
				CLANG_ENABLE_OBJC_WEAK = YES;
				CLANG_WARN_BLOCK_CAPTURE_AUTORELEASING = YES;
				CLANG_WARN_BOOL_CONVERSION = YES;
				CLANG_WARN_COMMA = YES;
				CLANG_WARN_CONSTANT_CONVERSION = YES;
				CLANG_WARN_DEPRECATED_OBJC_IMPLEMENTATIONS = YES;
				CLANG_WARN_DIRECT_OBJC_ISA_USAGE = YES_ERROR;
				CLANG_WARN_DOCUMENTATION_COMMENTS = YES;
				CLANG_WARN_EMPTY_BODY = YES;
				CLANG_WARN_ENUM_CONVERSION = YES;
				CLANG_WARN_INFINITE_RECURSION = YES;
				CLANG_WARN_INT_CONVERSION = YES;
				CLANG_WARN_NON_LITERAL_NULL_CONVERSION = YES;
				CLANG_WARN_OBJC_IMPLICIT_RETAIN_SELF = YES;
				CLANG_WARN_OBJC_LITERAL_CONVERSION = YES;
				CLANG_WARN_OBJC_ROOT_CLASS = YES_ERROR;
				CLANG_WARN_QUOTED_INCLUDE_IN_FRAMEWORK_HEADER = YES;
				CLANG_WARN_RANGE_LOOP_ANALYSIS = YES;
				CLANG_WARN_STRICT_PROTOTYPES = YES;
				CLANG_WARN_SUSPICIOUS_MOVE = YES;
				CLANG_WARN_UNGUARDED_AVAILABILITY = YES_AGGRESSIVE;
				CLANG_WARN_UNREACHABLE_CODE = YES;
				CLANG_WARN__DUPLICATE_METHOD_MATCH = YES;
				COPY_PHASE_STRIP = NO;
				DEBUG_INFORMATION_FORMAT = dwarf;
				ENABLE_STRICT_OBJC_MSGSEND = YES;
				ENABLE_TESTABILITY = YES;
				ENABLE_USER_SCRIPT_SANDBOXING = YES;
				GCC_C_LANGUAGE_STANDARD = gnu17;
				GCC_DYNAMIC_NO_PIC = NO;
				GCC_NO_COMMON_BLOCKS = YES;
				GCC_OPTIMIZATION_LEVEL = 0;
				GCC_PREPROCESSOR_DEFINITIONS = (
					"DEBUG=1",
					"$(inherited)",
				);
				GCC_WARN_64_TO_32_BIT_CONVERSION = YES;
				GCC_WARN_ABOUT_RETURN_TYPE = YES_ERROR;
				GCC_WARN_UNDECLARED_SELECTOR = YES;
				GCC_WARN_UNINITIALIZED_AUTOS = YES_AGGRESSIVE;
				GCC_WARN_UNUSED_FUNCTION = YES;
				GCC_WARN_UNUSED_VARIABLE = YES;
				IPHONEOS_DEPLOYMENT_TARGET = 18.2;
				LOCALIZATION_PREFERS_STRING_CATALOGS = YES;
				MTL_ENABLE_DEBUG_INFO = INCLUDE_SOURCE;
				MTL_FAST_MATH = YES;
				ONLY_ACTIVE_ARCH = YES;
				SDKROOT = iphoneos;
				SWIFT_ACTIVE_COMPILATION_CONDITIONS = "DEBUG $(inherited)";
				SWIFT_OPTIMIZATION_LEVEL = "-Onone";
			};
			name = Debug;
		};
		C9B5FD0D2DCD4C500042038A /* Release */ = {
			isa = XCBuildConfiguration;
			buildSettings = {
				ALWAYS_SEARCH_USER_PATHS = NO;
				ASSETCATALOG_COMPILER_GENERATE_SWIFT_ASSET_SYMBOL_EXTENSIONS = YES;
				CLANG_ANALYZER_NONNULL = YES;
				CLANG_ANALYZER_NUMBER_OBJECT_CONVERSION = YES_AGGRESSIVE;
				CLANG_CXX_LANGUAGE_STANDARD = "gnu++20";
				CLANG_ENABLE_MODULES = YES;
				CLANG_ENABLE_OBJC_ARC = YES;
				CLANG_ENABLE_OBJC_WEAK = YES;
				CLANG_WARN_BLOCK_CAPTURE_AUTORELEASING = YES;
				CLANG_WARN_BOOL_CONVERSION = YES;
				CLANG_WARN_COMMA = YES;
				CLANG_WARN_CONSTANT_CONVERSION = YES;
				CLANG_WARN_DEPRECATED_OBJC_IMPLEMENTATIONS = YES;
				CLANG_WARN_DIRECT_OBJC_ISA_USAGE = YES_ERROR;
				CLANG_WARN_DOCUMENTATION_COMMENTS = YES;
				CLANG_WARN_EMPTY_BODY = YES;
				CLANG_WARN_ENUM_CONVERSION = YES;
				CLANG_WARN_INFINITE_RECURSION = YES;
				CLANG_WARN_INT_CONVERSION = YES;
				CLANG_WARN_NON_LITERAL_NULL_CONVERSION = YES;
				CLANG_WARN_OBJC_IMPLICIT_RETAIN_SELF = YES;
				CLANG_WARN_OBJC_LITERAL_CONVERSION = YES;
				CLANG_WARN_OBJC_ROOT_CLASS = YES_ERROR;
				CLANG_WARN_QUOTED_INCLUDE_IN_FRAMEWORK_HEADER = YES;
				CLANG_WARN_RANGE_LOOP_ANALYSIS = YES;
				CLANG_WARN_STRICT_PROTOTYPES = YES;
				CLANG_WARN_SUSPICIOUS_MOVE = YES;
				CLANG_WARN_UNGUARDED_AVAILABILITY = YES_AGGRESSIVE;
				CLANG_WARN_UNREACHABLE_CODE = YES;
				CLANG_WARN__DUPLICATE_METHOD_MATCH = YES;
				COPY_PHASE_STRIP = NO;
				DEBUG_INFORMATION_FORMAT = "dwarf-with-dsym";
				ENABLE_NS_ASSERTIONS = NO;
				ENABLE_STRICT_OBJC_MSGSEND = YES;
				ENABLE_USER_SCRIPT_SANDBOXING = YES;
				GCC_C_LANGUAGE_STANDARD = gnu17;
				GCC_NO_COMMON_BLOCKS = YES;
				GCC_WARN_64_TO_32_BIT_CONVERSION = YES;
				GCC_WARN_ABOUT_RETURN_TYPE = YES_ERROR;
				GCC_WARN_UNDECLARED_SELECTOR = YES;
				GCC_WARN_UNINITIALIZED_AUTOS = YES_AGGRESSIVE;
				GCC_WARN_UNUSED_FUNCTION = YES;
				GCC_WARN_UNUSED_VARIABLE = YES;
				IPHONEOS_DEPLOYMENT_TARGET = 18.2;
				LOCALIZATION_PREFERS_STRING_CATALOGS = YES;
				MTL_ENABLE_DEBUG_INFO = NO;
				MTL_FAST_MATH = YES;
				SDKROOT = iphoneos;
				SWIFT_COMPILATION_MODE = wholemodule;
				VALIDATE_PRODUCT = YES;
			};
			name = Release;
		};
		C9B5FD0F2DCD4C500042038A /* Debug */ = {
			isa = XCBuildConfiguration;
			buildSettings = {
				ASSETCATALOG_COMPILER_APPICON_NAME = AppIcon;
				ASSETCATALOG_COMPILER_GLOBAL_ACCENT_COLOR_NAME = AccentColor;
				CODE_SIGN_STYLE = Automatic;
				CURRENT_PROJECT_VERSION = 1;
				DEVELOPMENT_ASSET_PATHS = "\"NailApp/Preview Content\"";
				DEVELOPMENT_TEAM = 85R9QQ9W7G;
				ENABLE_PREVIEWS = YES;
				GENERATE_INFOPLIST_FILE = YES;
				INFOPLIST_FILE = NailApp/Info.plist;
				INFOPLIST_KEY_CFBundleDisplayName = "";
				INFOPLIST_KEY_LSApplicationCategoryType = "";
				INFOPLIST_KEY_NSCameraUsageDescription = "Доступ к камере нужен для фотографирования рук и виртуальной примерки дизайна";
				INFOPLIST_KEY_NSLocalNetworkUsageDescription = "";
				INFOPLIST_KEY_NSMicrophoneUsageDescription = "";
				INFOPLIST_KEY_NSPhotoLibraryUsageDescription = "";
				INFOPLIST_KEY_UIApplicationSceneManifest_Generation = YES;
				INFOPLIST_KEY_UIApplicationSupportsIndirectInputEvents = YES;
				INFOPLIST_KEY_UILaunchScreen_Generation = YES;
				INFOPLIST_KEY_UISupportedInterfaceOrientations_iPad = "UIInterfaceOrientationPortrait UIInterfaceOrientationPortraitUpsideDown UIInterfaceOrientationLandscapeLeft UIInterfaceOrientationLandscapeRight";
				INFOPLIST_KEY_UISupportedInterfaceOrientations_iPhone = "UIInterfaceOrientationPortrait UIInterfaceOrientationLandscapeLeft UIInterfaceOrientationLandscapeRight";
				LD_RUNPATH_SEARCH_PATHS = (
					"$(inherited)",
					"@executable_path/Frameworks",
				);
				MARKETING_VERSION = 1.0;
				PRODUCT_BUNDLE_IDENTIFIER = my.NailApp;
				PRODUCT_NAME = "$(TARGET_NAME)";
				SWIFT_EMIT_LOC_STRINGS = YES;
				SWIFT_VERSION = 5.0;
				TARGETED_DEVICE_FAMILY = "1,2";
			};
			name = Debug;
		};
		C9B5FD102DCD4C500042038A /* Release */ = {
			isa = XCBuildConfiguration;
			buildSettings = {
				ASSETCATALOG_COMPILER_APPICON_NAME = AppIcon;
				ASSETCATALOG_COMPILER_GLOBAL_ACCENT_COLOR_NAME = AccentColor;
				CODE_SIGN_STYLE = Automatic;
				CURRENT_PROJECT_VERSION = 1;
				DEVELOPMENT_ASSET_PATHS = "\"NailApp/Preview Content\"";
				DEVELOPMENT_TEAM = 85R9QQ9W7G;
				ENABLE_PREVIEWS = YES;
				GENERATE_INFOPLIST_FILE = YES;
				INFOPLIST_FILE = NailApp/Info.plist;
				INFOPLIST_KEY_CFBundleDisplayName = "";
				INFOPLIST_KEY_LSApplicationCategoryType = "";
				INFOPLIST_KEY_NSCameraUsageDescription = "Доступ к камере нужен для фотографирования рук и виртуальной примерки дизайна";
				INFOPLIST_KEY_NSLocalNetworkUsageDescription = "";
				INFOPLIST_KEY_NSMicrophoneUsageDescription = "";
				INFOPLIST_KEY_NSPhotoLibraryUsageDescription = "";
				INFOPLIST_KEY_UIApplicationSceneManifest_Generation = YES;
				INFOPLIST_KEY_UIApplicationSupportsIndirectInputEvents = YES;
				INFOPLIST_KEY_UILaunchScreen_Generation = YES;
				INFOPLIST_KEY_UISupportedInterfaceOrientations_iPad = "UIInterfaceOrientationPortrait UIInterfaceOrientationPortraitUpsideDown UIInterfaceOrientationLandscapeLeft UIInterfaceOrientationLandscapeRight";
				INFOPLIST_KEY_UISupportedInterfaceOrientations_iPhone = "UIInterfaceOrientationPortrait UIInterfaceOrientationLandscapeLeft UIInterfaceOrientationLandscapeRight";
				LD_RUNPATH_SEARCH_PATHS = (
					"$(inherited)",
					"@executable_path/Frameworks",
				);
				MARKETING_VERSION = 1.0;
				PRODUCT_BUNDLE_IDENTIFIER = my.NailApp;
				PRODUCT_NAME = "$(TARGET_NAME)";
				SWIFT_EMIT_LOC_STRINGS = YES;
				SWIFT_VERSION = 5.0;
				TARGETED_DEVICE_FAMILY = "1,2";
			};
			name = Release;
		};
		C9B5FD122DCD4C500042038A /* Debug */ = {
			isa = XCBuildConfiguration;
			buildSettings = {
				BUNDLE_LOADER = "$(TEST_HOST)";
				CODE_SIGN_STYLE = Automatic;
				CURRENT_PROJECT_VERSION = 1;
				DEVELOPMENT_TEAM = 85R9QQ9W7G;
				GENERATE_INFOPLIST_FILE = YES;
				IPHONEOS_DEPLOYMENT_TARGET = 18.2;
				MARKETING_VERSION = 1.0;
				PRODUCT_BUNDLE_IDENTIFIER = my.NailAppTests;
				PRODUCT_NAME = "$(TARGET_NAME)";
				SWIFT_EMIT_LOC_STRINGS = NO;
				SWIFT_VERSION = 5.0;
				TARGETED_DEVICE_FAMILY = "1,2";
				TEST_HOST = "$(BUILT_PRODUCTS_DIR)/NailApp.app/$(BUNDLE_EXECUTABLE_FOLDER_PATH)/NailApp";
			};
			name = Debug;
		};
		C9B5FD132DCD4C500042038A /* Release */ = {
			isa = XCBuildConfiguration;
			buildSettings = {
				BUNDLE_LOADER = "$(TEST_HOST)";
				CODE_SIGN_STYLE = Automatic;
				CURRENT_PROJECT_VERSION = 1;
				DEVELOPMENT_TEAM = 85R9QQ9W7G;
				GENERATE_INFOPLIST_FILE = YES;
				IPHONEOS_DEPLOYMENT_TARGET = 18.2;
				MARKETING_VERSION = 1.0;
				PRODUCT_BUNDLE_IDENTIFIER = my.NailAppTests;
				PRODUCT_NAME = "$(TARGET_NAME)";
				SWIFT_EMIT_LOC_STRINGS = NO;
				SWIFT_VERSION = 5.0;
				TARGETED_DEVICE_FAMILY = "1,2";
				TEST_HOST = "$(BUILT_PRODUCTS_DIR)/NailApp.app/$(BUNDLE_EXECUTABLE_FOLDER_PATH)/NailApp";
			};
			name = Release;
		};
		C9B5FD152DCD4C500042038A /* Debug */ = {
			isa = XCBuildConfiguration;
			buildSettings = {
				CODE_SIGN_STYLE = Automatic;
				CURRENT_PROJECT_VERSION = 1;
				DEVELOPMENT_TEAM = 85R9QQ9W7G;
				GENERATE_INFOPLIST_FILE = YES;
				MARKETING_VERSION = 1.0;
				PRODUCT_BUNDLE_IDENTIFIER = my.NailAppUITests;
				PRODUCT_NAME = "$(TARGET_NAME)";
				SWIFT_EMIT_LOC_STRINGS = NO;
				SWIFT_VERSION = 5.0;
				TARGETED_DEVICE_FAMILY = "1,2";
				TEST_TARGET_NAME = NailApp;
			};
			name = Debug;
		};
		C9B5FD162DCD4C500042038A /* Release */ = {
			isa = XCBuildConfiguration;
			buildSettings = {
				CODE_SIGN_STYLE = Automatic;
				CURRENT_PROJECT_VERSION = 1;
				DEVELOPMENT_TEAM = 85R9QQ9W7G;
				GENERATE_INFOPLIST_FILE = YES;
				MARKETING_VERSION = 1.0;
				PRODUCT_BUNDLE_IDENTIFIER = my.NailAppUITests;
				PRODUCT_NAME = "$(TARGET_NAME)";
				SWIFT_EMIT_LOC_STRINGS = NO;
				SWIFT_VERSION = 5.0;
				TARGETED_DEVICE_FAMILY = "1,2";
				TEST_TARGET_NAME = NailApp;
			};
			name = Release;
		};
/* End XCBuildConfiguration section */

/* Begin XCConfigurationList section */
		C9B5FCE52DCD4C4F0042038A /* Build configuration list for PBXProject "NailApp" */ = {
			isa = XCConfigurationList;
			buildConfigurations = (
				C9B5FD0C2DCD4C500042038A /* Debug */,
				C9B5FD0D2DCD4C500042038A /* Release */,
			);
			defaultConfigurationIsVisible = 0;
			defaultConfigurationName = Release;
		};
		C9B5FD0E2DCD4C500042038A /* Build configuration list for PBXNativeTarget "NailApp" */ = {
			isa = XCConfigurationList;
			buildConfigurations = (
				C9B5FD0F2DCD4C500042038A /* Debug */,
				C9B5FD102DCD4C500042038A /* Release */,
			);
			defaultConfigurationIsVisible = 0;
			defaultConfigurationName = Release;
		};
		C9B5FD112DCD4C500042038A /* Build configuration list for PBXNativeTarget "NailAppTests" */ = {
			isa = XCConfigurationList;
			buildConfigurations = (
				C9B5FD122DCD4C500042038A /* Debug */,
				C9B5FD132DCD4C500042038A /* Release */,
			);
			defaultConfigurationIsVisible = 0;
			defaultConfigurationName = Release;
		};
		C9B5FD142DCD4C500042038A /* Build configuration list for PBXNativeTarget "NailAppUITests" */ = {
			isa = XCConfigurationList;
			buildConfigurations = (
				C9B5FD152DCD4C500042038A /* Debug */,
				C9B5FD162DCD4C500042038A /* Release */,
			);
			defaultConfigurationIsVisible = 0;
			defaultConfigurationName = Release;
		};
/* End XCConfigurationList section */
	};
	rootObject = C9B5FCE22DCD4C4F0042038A /* Project object */;
}
